{
  "name": "stringversion",
  "version": "1.0.0",
  "lockfileVersion": 3,
  "requires": true,
  "packages": {
    "": {
      "name": "stringversion",
      "version": "1.0.0",
      "license": "LGPL-3.0",
      "dependencies": {
        "msldiff": "^1.0.0"
      }
    },
    "node_modules/msldiff": {
      "version": "1.0.0",
      "resolved": "https://registry.npmjs.org/msldiff/-/msldiff-1.0.0.tgz",
      "integrity": "sha512-Dl8quWVNQrguicCwO4wBIdX/5OewYlcaqcMS3WI8Ej10ghxckBjuvHne141V7cJ8aY5NCv5Gz9Co8Rt2gk+Vjg=="
    }
  }
}
